
Microsoft Visual Studio Solution File, Format Version 12.00
# Visual Studio Version 18
VisualStudioVersion = 18.4.11605.240
MinimumVisualStudioVersion = 10.0.40219.1
Project("{FAE04EC0-301F-11D3-BF4B-00C04F79EFBC}") = "AYA_UIS.API", "AYA_UIS.API\AYA_UIS.API.csproj", "{BF301F98-0F7C-4710-8613-074E08725AEC}"
EndProject
Project("{2150E333-8FDC-42A3-9474-1A3956D46DE8}") = "AYA_UIS.Core", "AYA_UIS.Core", "{E5A12CD8-0053-453D-A1F6-17C5E68945D1}"
EndProject
Project("{2150E333-8FDC-42A3-9474-1A3956D46DE8}") = "AYA_UIS.Infrastructure", "AYA_UIS.Infrastructure", "{8AF67779-7343-4C74-8A33-1A38C736C9D4}"
EndProject
Project("{FAE04EC0-301F-11D3-BF4B-00C04F79EFBC}") = "Domain", "AYA_UIS.Core\Domain\Domain.csproj", "{829CE7D6-57FF-42CF-AC4E-794E4CBD73D2}"
EndProject
Project("{FAE04EC0-301F-11D3-BF4B-00C04F79EFBC}") = "Abstraction", "AYA_UIS.Core\Abstractions\Abstraction.csproj", "{2BDB18A1-4430-4C31-A34C-861F4AEC7E52}"
EndProject
Project("{FAE04EC0-301F-11D3-BF4B-00C04F79EFBC}") = "Services", "AYA_UIS.Core\Services\Services.csproj", "{28D99F43-D85A-48E6-8EB2-D4E9684C3B02}"
EndProject
Project("{FAE04EC0-301F-11D3-BF4B-00C04F79EFBC}") = "Presistence", "AYA_UIS.Infrastructure\Presistence\Presistence.csproj", "{39CA353A-58C5-4BEE-93E2-6E29DF71AF83}"
EndProject
Project("{FAE04EC0-301F-11D3-BF4B-00C04F79EFBC}") = "Shared", "Shared\Shared.csproj", "{EF81D993-9D3D-467D-AB95-A79E5CC5498C}"
EndProject
Project("{FAE04EC0-301F-11D3-BF4B-00C04F79EFBC}") = "Presentation", "AYA_UIS.Infrastructure\Presentation\Presentation.csproj", "{62B43809-B86D-411A-8AB2-774E5E92EB83}"
EndProject
Project("{FAE04EC0-301F-11D3-BF4B-00C04F79EFBC}") = "AYA_UIS.Application", "AYA_UIS.Application\AYA_UIS.Application.csproj", "{3955FA22-04C9-4551-86D5-0624B4C50CC6}"
EndProject
Project("{FAE04EC0-301F-11D3-BF4B-00C04F79EFBC}") = "Presentation.UnitTests", "AYA_UIS.Infrastructure\Presentation.UnitTests\Presentation.UnitTests.csproj", "{83B679B9-DB97-4108-9E48-919FD9402EAA}"
EndProject
Project("{FAE04EC0-301F-11D3-BF4B-00C04F79EFBC}") = "Shared.UnitTests", "Shared.UnitTests\Shared.UnitTests.csproj", "{4FF7AA54-A0DD-4635-AEE3-26D41133075C}"
EndProject
Project("{FAE04EC0-301F-11D3-BF4B-00C04F79EFBC}") = "AYA_UIS.Application.UnitTests", "AYA_UIS.Application.UnitTests\AYA_UIS.Application.UnitTests.csproj", "{3E79AAB4-AB48-433F-8690-E619D34643D2}"
EndProject
Project("{FAE04EC0-301F-11D3-BF4B-00C04F79EFBC}") = "Domain.UnitTests", "AYA_UIS.Core\Domain.UnitTests\Domain.UnitTests.csproj", "{BBA3CEEB-1258-470B-BC09-6CB0A3E31E94}"
EndProject
Global
	GlobalSection(SolutionConfigurationPlatforms) = preSolution
		Debug|Any CPU = Debug|Any CPU
		Release|Any CPU = Release|Any CPU
	EndGlobalSection
	GlobalSection(ProjectConfigurationPlatforms) = postSolution
		{BF301F98-0F7C-4710-8613-074E08725AEC}.Debug|Any CPU.ActiveCfg = Debug|Any CPU
		{BF301F98-0F7C-4710-8613-074E08725AEC}.Debug|Any CPU.Build.0 = Debug|Any CPU
		{BF301F98-0F7C-4710-8613-074E08725AEC}.Release|Any CPU.ActiveCfg = Release|Any CPU
		{BF301F98-0F7C-4710-8613-074E08725AEC}.Release|Any CPU.Build.0 = Release|Any CPU
		{829CE7D6-57FF-42CF-AC4E-794E4CBD73D2}.Debug|Any CPU.ActiveCfg = Debug|Any CPU
		{829CE7D6-57FF-42CF-AC4E-794E4CBD73D2}.Debug|Any CPU.Build.0 = Debug|Any CPU
		{829CE7D6-57FF-42CF-AC4E-794E4CBD73D2}.Release|Any CPU.ActiveCfg = Release|Any CPU
		{829CE7D6-57FF-42CF-AC4E-794E4CBD73D2}.Release|Any CPU.Build.0 = Release|Any CPU
		{2BDB18A1-4430-4C31-A34C-861F4AEC7E52}.Debug|Any CPU.ActiveCfg = Debug|Any CPU
		{2BDB18A1-4430-4C31-A34C-861F4AEC7E52}.Debug|Any CPU.Build.0 = Debug|Any CPU
		{2BDB18A1-4430-4C31-A34C-861F4AEC7E52}.Release|Any CPU.ActiveCfg = Release|Any CPU
		{2BDB18A1-4430-4C31-A34C-861F4AEC7E52}.Release|Any CPU.Build.0 = Release|Any CPU
		{28D99F43-D85A-48E6-8EB2-D4E9684C3B02}.Debug|Any CPU.ActiveCfg = Debug|Any CPU
		{28D99F43-D85A-48E6-8EB2-D4E9684C3B02}.Debug|Any CPU.Build.0 = Debug|Any CPU
		{28D99F43-D85A-48E6-8EB2-D4E9684C3B02}.Release|Any CPU.ActiveCfg = Release|Any CPU
		{28D99F43-D85A-48E6-8EB2-D4E9684C3B02}.Release|Any CPU.Build.0 = Release|Any CPU
		{39CA353A-58C5-4BEE-93E2-6E29DF71AF83}.Debug|Any CPU.ActiveCfg = Debug|Any CPU
		{39CA353A-58C5-4BEE-93E2-6E29DF71AF83}.Debug|Any CPU.Build.0 = Debug|Any CPU
		{39CA353A-58C5-4BEE-93E2-6E29DF71AF83}.Release|Any CPU.ActiveCfg = Release|Any CPU
		{39CA353A-58C5-4BEE-93E2-6E29DF71AF83}.Release|Any CPU.Build.0 = Release|Any CPU
		{EF81D993-9D3D-467D-AB95-A79E5CC5498C}.Debug|Any CPU.ActiveCfg = Debug|Any CPU
		{EF81D993-9D3D-467D-AB95-A79E5CC5498C}.Debug|Any CPU.Build.0 = Debug|Any CPU
		{EF81D993-9D3D-467D-AB95-A79E5CC5498C}.Release|Any CPU.ActiveCfg = Release|Any CPU
		{EF81D993-9D3D-467D-AB95-A79E5CC5498C}.Release|Any CPU.Build.0 = Release|Any CPU
		{62B43809-B86D-411A-8AB2-774E5E92EB83}.Debug|Any CPU.ActiveCfg = Debug|Any CPU
		{62B43809-B86D-411A-8AB2-774E5E92EB83}.Debug|Any CPU.Build.0 = Debug|Any CPU
		{62B43809-B86D-411A-8AB2-774E5E92EB83}.Release|Any CPU.ActiveCfg = Release|Any CPU
		{62B43809-B86D-411A-8AB2-774E5E92EB83}.Release|Any CPU.Build.0 = Release|Any CPU
		{3955FA22-04C9-4551-86D5-0624B4C50CC6}.Debug|Any CPU.ActiveCfg = Debug|Any CPU
		{3955FA22-04C9-4551-86D5-0624B4C50CC6}.Debug|Any CPU.Build.0 = Debug|Any CPU
		{3955FA22-04C9-4551-86D5-0624B4C50CC6}.Release|Any CPU.ActiveCfg = Release|Any CPU
		{3955FA22-04C9-4551-86D5-0624B4C50CC6}.Release|Any CPU.Build.0 = Release|Any CPU
		{83B679B9-DB97-4108-9E48-919FD9402EAA}.Debug|Any CPU.ActiveCfg = Debug|Any CPU
		{83B679B9-DB97-4108-9E48-919FD9402EAA}.Debug|Any CPU.Build.0 = Debug|Any CPU
		{83B679B9-DB97-4108-9E48-919FD9402EAA}.Release|Any CPU.ActiveCfg = Release|Any CPU
		{83B679B9-DB97-4108-9E48-919FD9402EAA}.Release|Any CPU.Build.0 = Release|Any CPU
		{4FF7AA54-A0DD-4635-AEE3-26D41133075C}.Debug|Any CPU.ActiveCfg = Debug|Any CPU
		{4FF7AA54-A0DD-4635-AEE3-26D41133075C}.Debug|Any CPU.Build.0 = Debug|Any CPU
		{4FF7AA54-A0DD-4635-AEE3-26D41133075C}.Release|Any CPU.ActiveCfg = Release|Any CPU
		{4FF7AA54-A0DD-4635-AEE3-26D41133075C}.Release|Any CPU.Build.0 = Release|Any CPU
		{3E79AAB4-AB48-433F-8690-E619D34643D2}.Debug|Any CPU.ActiveCfg = Debug|Any CPU
		{3E79AAB4-AB48-433F-8690-E619D34643D2}.Debug|Any CPU.Build.0 = Debug|Any CPU
		{3E79AAB4-AB48-433F-8690-E619D34643D2}.Release|Any CPU.ActiveCfg = Release|Any CPU
		{3E79AAB4-AB48-433F-8690-E619D34643D2}.Release|Any CPU.Build.0 = Release|Any CPU
		{BBA3CEEB-1258-470B-BC09-6CB0A3E31E94}.Debug|Any CPU.ActiveCfg = Debug|Any CPU
		{BBA3CEEB-1258-470B-BC09-6CB0A3E31E94}.Debug|Any CPU.Build.0 = Debug|Any CPU
		{BBA3CEEB-1258-470B-BC09-6CB0A3E31E94}.Release|Any CPU.ActiveCfg = Release|Any CPU
		{BBA3CEEB-1258-470B-BC09-6CB0A3E31E94}.Release|Any CPU.Build.0 = Release|Any CPU
	EndGlobalSection
	GlobalSection(SolutionProperties) = preSolution
		HideSolutionNode = FALSE
	EndGlobalSection
	GlobalSection(NestedProjects) = preSolution
		{829CE7D6-57FF-42CF-AC4E-794E4CBD73D2} = {E5A12CD8-0053-453D-A1F6-17C5E68945D1}
		{2BDB18A1-4430-4C31-A34C-861F4AEC7E52} = {E5A12CD8-0053-453D-A1F6-17C5E68945D1}
		{28D99F43-D85A-48E6-8EB2-D4E9684C3B02} = {E5A12CD8-0053-453D-A1F6-17C5E68945D1}
		{39CA353A-58C5-4BEE-93E2-6E29DF71AF83} = {8AF67779-7343-4C74-8A33-1A38C736C9D4}
		{62B43809-B86D-411A-8AB2-774E5E92EB83} = {8AF67779-7343-4C74-8A33-1A38C736C9D4}
	EndGlobalSection
	GlobalSection(ExtensibilityGlobals) = postSolution
		SolutionGuid = {F4DF4423-B232-450B-A17B-BB9E2743F00B}
	EndGlobalSection
EndGlobal
